
Microsoft Visual Studio Solution File, Format Version 12.00
# Visual Studio Version 17
VisualStudioVersion = 17.8.34316.72
MinimumVisualStudioVersion = 10.0.40219.1
Project("{8BC9CEB8-8B4A-11D0-8D11-00A0C91BC942}") = "Pointers", "Pointers.vcxproj", "{89565AED-29E4-4BC4-A16B-C6250A5A5D7B}"
EndProject
Global
	GlobalSection(SolutionConfigurationPlatforms) = preSolution
		Debug|x64 = Debug|x64
		Debug|x86 = Debug|x86
		Release|x64 = Release|x64
		Release|x86 = Release|x86
	EndGlobalSection
	GlobalSection(ProjectConfigurationPlatforms) = postSolution
		{89565AED-29E4-4BC4-A16B-C6250A5A5D7B}.Debug|x64.ActiveCfg = Debug|x64
		{89565AED-29E4-4BC4-A16B-C6250A5A5D7B}.Debug|x64.Build.0 = Debug|x64
		{89565AED-29E4-4BC4-A16B-C6250A5A5D7B}.Debug|x86.ActiveCfg = Debug|Win32
		{89565AED-29E4-4BC4-A16B-C6250A5A5D7B}.Debug|x86.Build.0 = Debug|Win32
		{89565AED-29E4-4BC4-A16B-C6250A5A5D7B}.Release|x64.ActiveCfg = Release|x64
		{89565AED-29E4-4BC4-A16B-C6250A5A5D7B}.Release|x64.Build.0 = Release|x64
		{89565AED-29E4-4BC4-A16B-C6250A5A5D7B}.Release|x86.ActiveCfg = Release|Win32
		{89565AED-29E4-4BC4-A16B-C6250A5A5D7B}.Release|x86.Build.0 = Release|Win32
	EndGlobalSection
	GlobalSection(SolutionProperties) = preSolution
		HideSolutionNode = FALSE
	EndGlobalSection
	GlobalSection(ExtensibilityGlobals) = postSolution
		SolutionGuid = {9E8ED651-1055-4AB5-A940-E873A39136FF}
	EndGlobalSection
EndGlobal
